# This file is automatically @generated by Poetry 1.4.2 and should not be changed by hand.

[[package]]
name = "pulp"
version = "2.7.0"
description = "PuLP is an LP modeler written in python. PuLP can generate MPS or LP files and call GLPK, COIN CLP/CBC, CPLEX, and GUROBI to solve linear problems."
category = "main"
optional = false
python-versions = "*"
files = [
    {file = "PuLP-2.7.0-py3-none-any.whl", hash = "sha256:b6de42c929e80325bf44cc7a2997f02535440800c376b9eb8cb7b4670ed53769"},
    {file = "PuLP-2.7.0.tar.gz", hash = "sha256:e73ee6b32d639c9b8cf4b4aded334ba158be5f8313544e056f796ace0a10ae63"},
]

[metadata]
lock-version = "2.0"
python-versions = "^3.11"
content-hash = "7d00484dcf350d6273e7cfba3c7a66946c33b08ae5e79b2e49af0a2dbc8c3afd"
